
Microsoft Visual Studio Solution File, Format Version 12.00
# Visual Studio 15
VisualStudioVersion = 15.0.27703.2026
MinimumVisualStudioVersion = 10.0.40219.1
Project("{2150E333-8FDC-42A3-9474-1A3956D46DE8}") = "Domain", "Domain", "{3FF29257-C0F5-45DC-BE2C-656AF41A473D}"
EndProject
Project("{2150E333-8FDC-42A3-9474-1A3956D46DE8}") = "Infrastructure", "Infrastructure", "{BC53DD23-BA95-4EEF-8CE3-D16A072441FC}"
EndProject
Project("{2150E333-8FDC-42A3-9474-1A3956D46DE8}") = "0-API-Presentation", "0-API-Presentation", "{6AD7C6BA-7383-4848-B793-0EFE6FF69F64}"
EndProject
Project("{2150E333-8FDC-42A3-9474-1A3956D46DE8}") = "ApplicationService", "ApplicationService", "{9CF604FC-9001-4D37-BDE1-296226CC499E}"
EndProject
Project("{9A19103F-16F7-4668-BE54-9A1E7A4F7556}") = "FURB.Basquete.Framework.Domain", "FURB.Basquete.Framework.Domain\FURB.Basquete.Framework.Domain.csproj", "{CADA85BD-76CE-4301-AC1E-FC46F50241ED}"
EndProject
Project("{9A19103F-16F7-4668-BE54-9A1E7A4F7556}") = "FURB.Basquete.Framework.Infrastructure", "FURB.Basquete.Framework.Infrastructure\FURB.Basquete.Framework.Infrastructure.csproj", "{6AA9DB33-2F1D-4A5E-B46E-24D37042B4C7}"
EndProject
Project("{9A19103F-16F7-4668-BE54-9A1E7A4F7556}") = "FURB.Basquete.Framework.ApplicationService", "FURB.Basquete.Framework.ApplicationService\FURB.Basquete.Framework.ApplicationService.csproj", "{A112B5BB-D57F-4798-B509-CDC641B7A4AA}"
EndProject
Project("{9A19103F-16F7-4668-BE54-9A1E7A4F7556}") = "FURB.Basquete.Framework.Web", "FURB.Basquete.Framework.Web\FURB.Basquete.Framework.Web.csproj", "{3D400EA2-EB6A-4407-82BC-3A2E977D349D}"
EndProject
Project("{9A19103F-16F7-4668-BE54-9A1E7A4F7556}") = "FURB.Basquete.Framework.Infrastructure.IoC", "FURB.Basquete.Framework.Infrastructure.IoC\FURB.Basquete.Framework.Infrastructure.IoC.csproj", "{F45EA81B-6226-4AB1-A0B7-22ECE12D3F49}"
EndProject
Global
	GlobalSection(SolutionConfigurationPlatforms) = preSolution
		Debug|Any CPU = Debug|Any CPU
		Release|Any CPU = Release|Any CPU
	EndGlobalSection
	GlobalSection(ProjectConfigurationPlatforms) = postSolution
		{CADA85BD-76CE-4301-AC1E-FC46F50241ED}.Debug|Any CPU.ActiveCfg = Debug|Any CPU
		{CADA85BD-76CE-4301-AC1E-FC46F50241ED}.Debug|Any CPU.Build.0 = Debug|Any CPU
		{CADA85BD-76CE-4301-AC1E-FC46F50241ED}.Release|Any CPU.ActiveCfg = Release|Any CPU
		{CADA85BD-76CE-4301-AC1E-FC46F50241ED}.Release|Any CPU.Build.0 = Release|Any CPU
		{6AA9DB33-2F1D-4A5E-B46E-24D37042B4C7}.Debug|Any CPU.ActiveCfg = Debug|Any CPU
		{6AA9DB33-2F1D-4A5E-B46E-24D37042B4C7}.Debug|Any CPU.Build.0 = Debug|Any CPU
		{6AA9DB33-2F1D-4A5E-B46E-24D37042B4C7}.Release|Any CPU.ActiveCfg = Release|Any CPU
		{6AA9DB33-2F1D-4A5E-B46E-24D37042B4C7}.Release|Any CPU.Build.0 = Release|Any CPU
		{A112B5BB-D57F-4798-B509-CDC641B7A4AA}.Debug|Any CPU.ActiveCfg = Debug|Any CPU
		{A112B5BB-D57F-4798-B509-CDC641B7A4AA}.Debug|Any CPU.Build.0 = Debug|Any CPU
		{A112B5BB-D57F-4798-B509-CDC641B7A4AA}.Release|Any CPU.ActiveCfg = Release|Any CPU
		{A112B5BB-D57F-4798-B509-CDC641B7A4AA}.Release|Any CPU.Build.0 = Release|Any CPU
		{3D400EA2-EB6A-4407-82BC-3A2E977D349D}.Debug|Any CPU.ActiveCfg = Debug|Any CPU
		{3D400EA2-EB6A-4407-82BC-3A2E977D349D}.Debug|Any CPU.Build.0 = Debug|Any CPU
		{3D400EA2-EB6A-4407-82BC-3A2E977D349D}.Release|Any CPU.ActiveCfg = Release|Any CPU
		{3D400EA2-EB6A-4407-82BC-3A2E977D349D}.Release|Any CPU.Build.0 = Release|Any CPU
		{F45EA81B-6226-4AB1-A0B7-22ECE12D3F49}.Debug|Any CPU.ActiveCfg = Debug|Any CPU
		{F45EA81B-6226-4AB1-A0B7-22ECE12D3F49}.Debug|Any CPU.Build.0 = Debug|Any CPU
		{F45EA81B-6226-4AB1-A0B7-22ECE12D3F49}.Release|Any CPU.ActiveCfg = Release|Any CPU
		{F45EA81B-6226-4AB1-A0B7-22ECE12D3F49}.Release|Any CPU.Build.0 = Release|Any CPU
	EndGlobalSection
	GlobalSection(SolutionProperties) = preSolution
		HideSolutionNode = FALSE
	EndGlobalSection
	GlobalSection(NestedProjects) = preSolution
		{CADA85BD-76CE-4301-AC1E-FC46F50241ED} = {3FF29257-C0F5-45DC-BE2C-656AF41A473D}
		{6AA9DB33-2F1D-4A5E-B46E-24D37042B4C7} = {BC53DD23-BA95-4EEF-8CE3-D16A072441FC}
		{A112B5BB-D57F-4798-B509-CDC641B7A4AA} = {9CF604FC-9001-4D37-BDE1-296226CC499E}
		{3D400EA2-EB6A-4407-82BC-3A2E977D349D} = {6AD7C6BA-7383-4848-B793-0EFE6FF69F64}
		{F45EA81B-6226-4AB1-A0B7-22ECE12D3F49} = {BC53DD23-BA95-4EEF-8CE3-D16A072441FC}
	EndGlobalSection
	GlobalSection(ExtensibilityGlobals) = postSolution
		SolutionGuid = {0AE294DD-B1B2-4EAE-84A6-54DD1509416C}
	EndGlobalSection
EndGlobal
