{
  "name": "asp.net",
  "version": "1.0.0",
  "lockfileVersion": 1,
  "requires": true,
  "dependencies": {
    "@syncfusion/ej2-js-es5": {
      "version": "16.3.17-beta",
      "resolved": "https://registry.npmjs.org/@syncfusion/ej2-js-es5/-/ej2-js-es5-16.3.17-beta.tgz",
      "integrity": "sha512-frKqNd3rRN2Zp26aXbva1uS71Uy9u3JfahWD01ufwa1r3mrWC1ltrOAvM5jEqw1kPxriwMTjLbGnLvCNdDmFIA==",
      "dev": true
    }
  }
}
